<?xml version="1.0" encoding="utf-8"?>
<Project ToolsVersion="4.0" xmlns="http://schemas.microsoft.com/developer/msbuild/2003">
  <ItemGroup>
    <Filter Include="entities">
      <UniqueIdentifier>{9f7da51f-e45f-485c-9753-42088118b616}</UniqueIdentifier>
    </Filter>
    <Filter Include="gamePlay">
      <UniqueIdentifier>{06bc469f-4766-4a57-afcd-8f5a618d000a}</UniqueIdentifier>
    </Filter>
    <Filter Include="gameSettings">
      <UniqueIdentifier>{70abd2dc-7eeb-40e5-a1fd-c7f1bb264224}</UniqueIdentifier>
    </Filter>
  </ItemGroup>
  <ItemGroup>
    <ClInclude Include="src\gameSettings\constants.h">
      <Filter>gameSettings</Filter>
    </ClInclude>
    <ClInclude Include="src\gameSettings\sceneManage.h">
      <Filter>gameSettings</Filter>
    </ClInclude>
    <ClInclude Include="src\gamePlay\gamePlay.h">
      <Filter>gamePlay</Filter>
    </ClInclude>
    <ClInclude Include="src\entities\enemy.h">
      <Filter>entities</Filter>
    </ClInclude>
    <ClInclude Include="src\entities\player.h">
      <Filter>entities</Filter>
    </ClInclude>
    <ClInclude Include="src\entities\mouse.h">
      <Filter>entities</Filter>
    </ClInclude>
    <ClInclude Include="src\gamePlay\gameMenu.h">
      <Filter>gamePlay</Filter>
    </ClInclude>
    <ClInclude Include="src\entities\playerAnim.h">
      <Filter>entities</Filter>
    </ClInclude>
  </ItemGroup>
  <ItemGroup>
    <ClCompile Include="src\gamePlay\gamePlay.cpp">
      <Filter>gamePlay</Filter>
    </ClCompile>
    <ClCompile Include="src\gamePlay\main.cpp">
      <Filter>gamePlay</Filter>
    </ClCompile>
    <ClCompile Include="src\entities\enemy.cpp">
      <Filter>entities</Filter>
    </ClCompile>
    <ClCompile Include="src\entities\player.cpp">
      <Filter>entities</Filter>
    </ClCompile>
    <ClCompile Include="src\entities\mouse.cpp">
      <Filter>entities</Filter>
    </ClCompile>
    <ClCompile Include="src\gamePlay\gameMenu.cpp">
      <Filter>gamePlay</Filter>
    </ClCompile>
    <ClCompile Include="src\entities\playerAnim.cpp">
      <Filter>entities</Filter>
    </ClCompile>
  </ItemGroup>
</Project>